
Microsoft Visual Studio Solution File, Format Version 12.00
# Visual Studio Version 17
VisualStudioVersion = 17.14.36603.0 d17.14
MinimumVisualStudioVersion = 10.0.40219.1
Project("{FAE04EC0-301F-11D3-BF4B-00C04F79EFBC}") = "BulkUploadApi", "BulkUploadApi\BulkUploadApi.csproj", "{97B2BAC6-78E6-2BB7-96ED-F9A68504559A}"
EndProject
Global
	GlobalSection(SolutionConfigurationPlatforms) = preSolution
		Debug|Any CPU = Debug|Any CPU
		Release|Any CPU = Release|Any CPU
	EndGlobalSection
	GlobalSection(ProjectConfigurationPlatforms) = postSolution
		{97B2BAC6-78E6-2BB7-96ED-F9A68504559A}.Debug|Any CPU.ActiveCfg = Debug|Any CPU
		{97B2BAC6-78E6-2BB7-96ED-F9A68504559A}.Debug|Any CPU.Build.0 = Debug|Any CPU
		{97B2BAC6-78E6-2BB7-96ED-F9A68504559A}.Release|Any CPU.ActiveCfg = Release|Any CPU
		{97B2BAC6-78E6-2BB7-96ED-F9A68504559A}.Release|Any CPU.Build.0 = Release|Any CPU
	EndGlobalSection
	GlobalSection(SolutionProperties) = preSolution
		HideSolutionNode = FALSE
	EndGlobalSection
	GlobalSection(ExtensibilityGlobals) = postSolution
		SolutionGuid = {0EA2F8B1-C9EF-4962-B47E-DD4A7D256758}
	EndGlobalSection
EndGlobal
